
Microsoft Visual Studio Solution File, Format Version 12.00
# Visual Studio Version 17
VisualStudioVersion = 17.1.32421.90
MinimumVisualStudioVersion = 10.0.40219.1
Project("{FAE04EC0-301F-11D3-BF4B-00C04F79EFBC}") = "DWNOHelperLoader", "DWNOHelperLoader.csproj", "{075C2CB9-30E6-412A-8A39-B36336E08B08}"
EndProject
Global
	GlobalSection(SolutionConfigurationPlatforms) = preSolution
		Debug|Any CPU = Debug|Any CPU
		Release|Any CPU = Release|Any CPU
	EndGlobalSection
	GlobalSection(ProjectConfigurationPlatforms) = postSolution
		{075C2CB9-30E6-412A-8A39-B36336E08B08}.Debug|Any CPU.ActiveCfg = Debug|Any CPU
		{075C2CB9-30E6-412A-8A39-B36336E08B08}.Debug|Any CPU.Build.0 = Debug|Any CPU
		{075C2CB9-30E6-412A-8A39-B36336E08B08}.Release|Any CPU.ActiveCfg = Release|Any CPU
		{075C2CB9-30E6-412A-8A39-B36336E08B08}.Release|Any CPU.Build.0 = Release|Any CPU
	EndGlobalSection
	GlobalSection(SolutionProperties) = preSolution
		HideSolutionNode = FALSE
	EndGlobalSection
	GlobalSection(ExtensibilityGlobals) = postSolution
		SolutionGuid = {E6FD4185-CA9B-4E96-BD5A-2FE11FC9D2CC}
	EndGlobalSection
EndGlobal
